// !$*UTF8*$!
{
	archiveVersion = 1;
	classes = {
	};
	objectVersion = 46;
	objects = {

/* Begin PBXBuildFile section */
		1D1B4D9F1F08B457006CDA3A /* AppDelegate.swift in Sources */ = {isa = PBXBuildFile; fileRef = 1D1B4D9E1F08B457006CDA3A /* AppDelegate.swift */; };
		1D1B4DA11F08B457006CDA3A /* ViewController.swift in Sources */ = {isa = PBXBuildFile; fileRef = 1D1B4DA01F08B457006CDA3A /* ViewController.swift */; };
		1D1B4DA41F08B457006CDA3A /* Main.storyboard in Resources */ = {isa = PBXBuildFile; fileRef = 1D1B4DA21F08B457006CDA3A /* Main.storyboard */; };
		1D1B4DA71F08B457006CDA3A /* sodingTest.xcdatamodeld in Sources */ = {isa = PBXBuildFile; fileRef = 1D1B4DA51F08B457006CDA3A /* sodingTest.xcdatamodeld */; };
		1D1B4DA91F08B457006CDA3A /* Assets.xcassets in Resources */ = {isa = PBXBuildFile; fileRef = 1D1B4DA81F08B457006CDA3A /* Assets.xcassets */; };
		1D1B4DAC1F08B457006CDA3A /* LaunchScreen.storyboard in Resources */ = {isa = PBXBuildFile; fileRef = 1D1B4DAA1F08B457006CDA3A /* LaunchScreen.storyboard */; };
		1D1B4DB71F08B457006CDA3A /* sodingTestTests.swift in Sources */ = {isa = PBXBuildFile; fileRef = 1D1B4DB61F08B457006CDA3A /* sodingTestTests.swift */; };
		1D1B4DC21F08B458006CDA3A /* sodingTestUITests.swift in Sources */ = {isa = PBXBuildFile; fileRef = 1D1B4DC11F08B458006CDA3A /* sodingTestUITests.swift */; };
/* End PBXBuildFile section */

/* Begin PBXContainerItemProxy section */
		1D1B4DB31F08B457006CDA3A /* PBXContainerItemProxy */ = {
			isa = PBXContainerItemProxy;
			containerPortal = 1D1B4D931F08B457006CDA3A /* Project object */;
			proxyType = 1;
			remoteGlobalIDString = 1D1B4D9A1F08B457006CDA3A;
			remoteInfo = sodingTest;
		};
		1D1B4DBE1F08B457006CDA3A /* PBXContainerItemProxy */ = {
			isa = PBXContainerItemProxy;
			containerPortal = 1D1B4D931F08B457006CDA3A /* Project object */;
			proxyType = 1;
			remoteGlobalIDString = 1D1B4D9A1F08B457006CDA3A;
			remoteInfo = sodingTest;
		};
/* End PBXContainerItemProxy section */

/* Begin PBXFileReference section */
		1D1B4D9B1F08B457006CDA3A /* sodingTest.app */ = {isa = PBXFileReference; explicitFileType = wrapper.application; includeInIndex = 0; path = sodingTest.app; sourceTree = BUILT_PRODUCTS_DIR; };
		1D1B4D9E1F08B457006CDA3A /* AppDelegate.swift */ = {isa = PBXFileReference; lastKnownFileType = sourcecode.swift; path = AppDelegate.swift; sourceTree = "<group>"; };
		1D1B4DA01F08B457006CDA3A /* ViewController.swift */ = {isa = PBXFileReference; lastKnownFileType = sourcecode.swift; path = ViewController.swift; sourceTree = "<group>"; };
		1D1B4DA31F08B457006CDA3A /* Base */ = {isa = PBXFileReference; lastKnownFileType = file.storyboard; name = Base; path = Base.lproj/Main.storyboard; sourceTree = "<group>"; };
		1D1B4DA61F08B457006CDA3A /* sodingTest.xcdatamodel */ = {isa = PBXFileReference; lastKnownFileType = wrapper.xcdatamodel; path = sodingTest.xcdatamodel; sourceTree = "<group>"; };
		1D1B4DA81F08B457006CDA3A /* Assets.xcassets */ = {isa = PBXFileReference; lastKnownFileType = folder.assetcatalog; path = Assets.xcassets; sourceTree = "<group>"; };
		1D1B4DAB1F08B457006CDA3A /* Base */ = {isa = PBXFileReference; lastKnownFileType = file.storyboard; name = Base; path = Base.lproj/LaunchScreen.storyboard; sourceTree = "<group>"; };
		1D1B4DAD1F08B457006CDA3A /* Info.plist */ = {isa = PBXFileReference; lastKnownFileType = text.plist.xml; path = Info.plist; sourceTree = "<group>"; };
		1D1B4DB21F08B457006CDA3A /* sodingTestTests.xctest */ = {isa = PBXFileReference; explicitFileType = wrapper.cfbundle; includeInIndex = 0; path = sodingTestTests.xctest; sourceTree = BUILT_PRODUCTS_DIR; };
		1D1B4DB61F08B457006CDA3A /* sodingTestTests.swift */ = {isa = PBXFileReference; lastKnownFileType = sourcecode.swift; path = sodingTestTests.swift; sourceTree = "<group>"; };
		1D1B4DB81F08B457006CDA3A /* Info.plist */ = {isa = PBXFileReference; lastKnownFileType = text.plist.xml; path = Info.plist; sourceTree = "<group>"; };
		1D1B4DBD1F08B457006CDA3A /* sodingTestUITests.xctest */ = {isa = PBXFileReference; explicitFileType = wrapper.cfbundle; includeInIndex = 0; path = sodingTestUITests.xctest; sourceTree = BUILT_PRODUCTS_DIR; };
		1D1B4DC11F08B458006CDA3A /* sodingTestUITests.swift */ = {isa = PBXFileReference; lastKnownFileType = sourcecode.swift; path = sodingTestUITests.swift; sourceTree = "<group>"; };
		1D1B4DC31F08B458006CDA3A /* Info.plist */ = {isa = PBXFileReference; lastKnownFileType = text.plist.xml; path = Info.plist; sourceTree = "<group>"; };
/* End PBXFileReference section */

/* Begin PBXFrameworksBuildPhase section */
		1D1B4D981F08B457006CDA3A /* Frameworks */ = {
			isa = PBXFrameworksBuildPhase;
			buildActionMask = 2147483647;
			files = (
			);
			runOnlyForDeploymentPostprocessing = 0;
		};
		1D1B4DAF1F08B457006CDA3A /* Frameworks */ = {
			isa = PBXFrameworksBuildPhase;
			buildActionMask = 2147483647;
			files = (
			);
			runOnlyForDeploymentPostprocessing = 0;
		};
		1D1B4DBA1F08B457006CDA3A /* Frameworks */ = {
			isa = PBXFrameworksBuildPhase;
			buildActionMask = 2147483647;
			files = (
			);
			runOnlyForDeploymentPostprocessing = 0;
		};
/* End PBXFrameworksBuildPhase section */

/* Begin PBXGroup section */
		1D1B4D921F08B457006CDA3A = {
			isa = PBXGroup;
			children = (
				1D1B4D9D1F08B457006CDA3A /* sodingTest */,
				1D1B4DB51F08B457006CDA3A /* sodingTestTests */,
				1D1B4DC01F08B457006CDA3A /* sodingTestUITests */,
				1D1B4D9C1F08B457006CDA3A /* Products */,
			);
			sourceTree = "<group>";
		};
		1D1B4D9C1F08B457006CDA3A /* Products */ = {
			isa = PBXGroup;
			children = (
				1D1B4D9B1F08B457006CDA3A /* sodingTest.app */,
				1D1B4DB21F08B457006CDA3A /* sodingTestTests.xctest */,
				1D1B4DBD1F08B457006CDA3A /* sodingTestUITests.xctest */,
			);
			name = Products;
			sourceTree = "<group>";
		};
		1D1B4D9D1F08B457006CDA3A /* sodingTest */ = {
			isa = PBXGroup;
			children = (
				1D1B4D9E1F08B457006CDA3A /* AppDelegate.swift */,
				1D1B4DA01F08B457006CDA3A /* ViewController.swift */,
				1D1B4DA21F08B457006CDA3A /* Main.storyboard */,
				1D1B4DA81F08B457006CDA3A /* Assets.xcassets */,
				1D1B4DAA1F08B457006CDA3A /* LaunchScreen.storyboard */,
				1D1B4DAD1F08B457006CDA3A /* Info.plist */,
				1D1B4DA51F08B457006CDA3A /* sodingTest.xcdatamodeld */,
			);
			path = sodingTest;
			sourceTree = "<group>";
		};
		1D1B4DB51F08B457006CDA3A /* sodingTestTests */ = {
			isa = PBXGroup;
			children = (
				1D1B4DB61F08B457006CDA3A /* sodingTestTests.swift */,
				1D1B4DB81F08B457006CDA3A /* Info.plist */,
			);
			path = sodingTestTests;
			sourceTree = "<group>";
		};
		1D1B4DC01F08B457006CDA3A /* sodingTestUITests */ = {
			isa = PBXGroup;
			children = (
				1D1B4DC11F08B458006CDA3A /* sodingTestUITests.swift */,
				1D1B4DC31F08B458006CDA3A /* Info.plist */,
			);
			path = sodingTestUITests;
			sourceTree = "<group>";
		};
/* End PBXGroup section */

/* Begin PBXNativeTarget section */
		1D1B4D9A1F08B457006CDA3A /* sodingTest */ = {
			isa = PBXNativeTarget;
			buildConfigurationList = 1D1B4DC61F08B458006CDA3A /* Build configuration list for PBXNativeTarget "sodingTest" */;
			buildPhases = (
				1D1B4D971F08B457006CDA3A /* Sources */,
				1D1B4D981F08B457006CDA3A /* Frameworks */,
				1D1B4D991F08B457006CDA3A /* Resources */,
			);
			buildRules = (
			);
			dependencies = (
			);
			name = sodingTest;
			productName = sodingTest;
			productReference = 1D1B4D9B1F08B457006CDA3A /* sodingTest.app */;
			productType = "com.apple.product-type.application";
		};
		1D1B4DB11F08B457006CDA3A /* sodingTestTests */ = {
			isa = PBXNativeTarget;
			buildConfigurationList = 1D1B4DC91F08B458006CDA3A /* Build configuration list for PBXNativeTarget "sodingTestTests" */;
			buildPhases = (
				1D1B4DAE1F08B457006CDA3A /* Sources */,
				1D1B4DAF1F08B457006CDA3A /* Frameworks */,
				1D1B4DB01F08B457006CDA3A /* Resources */,
			);
			buildRules = (
			);
			dependencies = (
				1D1B4DB41F08B457006CDA3A /* PBXTargetDependency */,
			);
			name = sodingTestTests;
			productName = sodingTestTests;
			productReference = 1D1B4DB21F08B457006CDA3A /* sodingTestTests.xctest */;
			productType = "com.apple.product-type.bundle.unit-test";
		};
		1D1B4DBC1F08B457006CDA3A /* sodingTestUITests */ = {
			isa = PBXNativeTarget;
			buildConfigurationList = 1D1B4DCC1F08B458006CDA3A /* Build configuration list for PBXNativeTarget "sodingTestUITests" */;
			buildPhases = (
				1D1B4DB91F08B457006CDA3A /* Sources */,
				1D1B4DBA1F08B457006CDA3A /* Frameworks */,
				1D1B4DBB1F08B457006CDA3A /* Resources */,
			);
			buildRules = (
			);
			dependencies = (
				1D1B4DBF1F08B457006CDA3A /* PBXTargetDependency */,
			);
			name = sodingTestUITests;
			productName = sodingTestUITests;
			productReference = 1D1B4DBD1F08B457006CDA3A /* sodingTestUITests.xctest */;
			productType = "com.apple.product-type.bundle.ui-testing";
		};
/* End PBXNativeTarget section */

/* Begin PBXProject section */
		1D1B4D931F08B457006CDA3A /* Project object */ = {
			isa = PBXProject;
			attributes = {
				LastSwiftUpdateCheck = 0830;
				LastUpgradeCheck = 0830;
				ORGANIZATIONNAME = "Kittipol Munkatitum";
				TargetAttributes = {
					1D1B4D9A1F08B457006CDA3A = {
						CreatedOnToolsVersion = 8.3.3;
						ProvisioningStyle = Automatic;
					};
					1D1B4DB11F08B457006CDA3A = {
						CreatedOnToolsVersion = 8.3.3;
						ProvisioningStyle = Automatic;
						TestTargetID = 1D1B4D9A1F08B457006CDA3A;
					};
					1D1B4DBC1F08B457006CDA3A = {
						CreatedOnToolsVersion = 8.3.3;
						ProvisioningStyle = Automatic;
						TestTargetID = 1D1B4D9A1F08B457006CDA3A;
					};
				};
			};
			buildConfigurationList = 1D1B4D961F08B457006CDA3A /* Build configuration list for PBXProject "sodingTest" */;
			compatibilityVersion = "Xcode 3.2";
			developmentRegion = English;
			hasScannedForEncodings = 0;
			knownRegions = (
				en,
				Base,
			);
			mainGroup = 1D1B4D921F08B457006CDA3A;
			productRefGroup = 1D1B4D9C1F08B457006CDA3A /* Products */;
			projectDirPath = "";
			projectRoot = "";
			targets = (
				1D1B4D9A1F08B457006CDA3A /* sodingTest */,
				1D1B4DB11F08B457006CDA3A /* sodingTestTests */,
				1D1B4DBC1F08B457006CDA3A /* sodingTestUITests */,
			);
		};
/* End PBXProject section */

/* Begin PBXResourcesBuildPhase section */
		1D1B4D991F08B457006CDA3A /* Resources */ = {
			isa = PBXResourcesBuildPhase;
			buildActionMask = 2147483647;
			files = (
				1D1B4DAC1F08B457006CDA3A /* LaunchScreen.storyboard in Resources */,
				1D1B4DA91F08B457006CDA3A /* Assets.xcassets in Resources */,
				1D1B4DA41F08B457006CDA3A /* Main.storyboard in Resources */,
			);
			runOnlyForDeploymentPostprocessing = 0;
		};
		1D1B4DB01F08B457006CDA3A /* Resources */ = {
			isa = PBXResourcesBuildPhase;
			buildActionMask = 2147483647;
			files = (
			);
			runOnlyForDeploymentPostprocessing = 0;
		};
		1D1B4DBB1F08B457006CDA3A /* Resources */ = {
			isa = PBXResourcesBuildPhase;
			buildActionMask = 2147483647;
			files = (
			);
			runOnlyForDeploymentPostprocessing = 0;
		};
/* End PBXResourcesBuildPhase section */

/* Begin PBXSourcesBuildPhase section */
		1D1B4D971F08B457006CDA3A /* Sources */ = {
			isa = PBXSourcesBuildPhase;
			buildActionMask = 2147483647;
			files = (
				1D1B4DA11F08B457006CDA3A /* ViewController.swift in Sources */,
				1D1B4DA71F08B457006CDA3A /* sodingTest.xcdatamodeld in Sources */,
				1D1B4D9F1F08B457006CDA3A /* AppDelegate.swift in Sources */,
			);
			runOnlyForDeploymentPostprocessing = 0;
		};
		1D1B4DAE1F08B457006CDA3A /* Sources */ = {
			isa = PBXSourcesBuildPhase;
			buildActionMask = 2147483647;
			files = (
				1D1B4DB71F08B457006CDA3A /* sodingTestTests.swift in Sources */,
			);
			runOnlyForDeploymentPostprocessing = 0;
		};
		1D1B4DB91F08B457006CDA3A /* Sources */ = {
			isa = PBXSourcesBuildPhase;
			buildActionMask = 2147483647;
			files = (
				1D1B4DC21F08B458006CDA3A /* sodingTestUITests.swift in Sources */,
			);
			runOnlyForDeploymentPostprocessing = 0;
		};
/* End PBXSourcesBuildPhase section */

/* Begin PBXTargetDependency section */
		1D1B4DB41F08B457006CDA3A /* PBXTargetDependency */ = {
			isa = PBXTargetDependency;
			target = 1D1B4D9A1F08B457006CDA3A /* sodingTest */;
			targetProxy = 1D1B4DB31F08B457006CDA3A /* PBXContainerItemProxy */;
		};
		1D1B4DBF1F08B457006CDA3A /* PBXTargetDependency */ = {
			isa = PBXTargetDependency;
			target = 1D1B4D9A1F08B457006CDA3A /* sodingTest */;
			targetProxy = 1D1B4DBE1F08B457006CDA3A /* PBXContainerItemProxy */;
		};
/* End PBXTargetDependency section */

/* Begin PBXVariantGroup section */
		1D1B4DA21F08B457006CDA3A /* Main.storyboard */ = {
			isa = PBXVariantGroup;
			children = (
				1D1B4DA31F08B457006CDA3A /* Base */,
			);
			name = Main.storyboard;
			sourceTree = "<group>";
		};
		1D1B4DAA1F08B457006CDA3A /* LaunchScreen.storyboard */ = {
			isa = PBXVariantGroup;
			children = (
				1D1B4DAB1F08B457006CDA3A /* Base */,
			);
			name = LaunchScreen.storyboard;
			sourceTree = "<group>";
		};
/* End PBXVariantGroup section */

/* Begin XCBuildConfiguration section */
		1D1B4DC41F08B458006CDA3A /* Debug */ = {
			isa = XCBuildConfiguration;
			buildSettings = {
				ALWAYS_SEARCH_USER_PATHS = NO;
				CLANG_ANALYZER_NONNULL = YES;
				CLANG_ANALYZER_NUMBER_OBJECT_CONVERSION = YES_AGGRESSIVE;
				CLANG_CXX_LANGUAGE_STANDARD = "gnu++0x";
				CLANG_CXX_LIBRARY = "libc++";
				CLANG_ENABLE_MODULES = YES;
				CLANG_ENABLE_OBJC_ARC = YES;
				CLANG_WARN_BOOL_CONVERSION = YES;
				CLANG_WARN_CONSTANT_CONVERSION = YES;
				CLANG_WARN_DIRECT_OBJC_ISA_USAGE = YES_ERROR;
				CLANG_WARN_DOCUMENTATION_COMMENTS = YES;
				CLANG_WARN_EMPTY_BODY = YES;
				CLANG_WARN_ENUM_CONVERSION = YES;
				CLANG_WARN_INFINITE_RECURSION = YES;
				CLANG_WARN_INT_CONVERSION = YES;
				CLANG_WARN_OBJC_ROOT_CLASS = YES_ERROR;
				CLANG_WARN_SUSPICIOUS_MOVE = YES;
				CLANG_WARN_UNREACHABLE_CODE = YES;
				CLANG_WARN__DUPLICATE_METHOD_MATCH = YES;
				"CODE_SIGN_IDENTITY[sdk=iphoneos*]" = "iPhone Developer";
				COPY_PHASE_STRIP = NO;
				DEBUG_INFORMATION_FORMAT = dwarf;
				ENABLE_STRICT_OBJC_MSGSEND = YES;
				ENABLE_TESTABILITY = YES;
				GCC_C_LANGUAGE_STANDARD = gnu99;
				GCC_DYNAMIC_NO_PIC = NO;
				GCC_NO_COMMON_BLOCKS = YES;
				GCC_OPTIMIZATION_LEVEL = 0;
				GCC_PREPROCESSOR_DEFINITIONS = (
					"DEBUG=1",
					"$(inherited)",
				);
				GCC_WARN_64_TO_32_BIT_CONVERSION = YES;
				GCC_WARN_ABOUT_RETURN_TYPE = YES_ERROR;
				GCC_WARN_UNDECLARED_SELECTOR = YES;
				GCC_WARN_UNINITIALIZED_AUTOS = YES_AGGRESSIVE;
				GCC_WARN_UNUSED_FUNCTION = YES;
				GCC_WARN_UNUSED_VARIABLE = YES;
				IPHONEOS_DEPLOYMENT_TARGET = 10.3;
				MTL_ENABLE_DEBUG_INFO = YES;
				ONLY_ACTIVE_ARCH = YES;
				SDKROOT = iphoneos;
				SWIFT_ACTIVE_COMPILATION_CONDITIONS = DEBUG;
				SWIFT_OPTIMIZATION_LEVEL = "-Onone";
				TARGETED_DEVICE_FAMILY = "1,2";
			};
			name = Debug;
		};
		1D1B4DC51F08B458006CDA3A /* Release */ = {
			isa = XCBuildConfiguration;
			buildSettings = {
				ALWAYS_SEARCH_USER_PATHS = NO;
				CLANG_ANALYZER_NONNULL = YES;
				CLANG_ANALYZER_NUMBER_OBJECT_CONVERSION = YES_AGGRESSIVE;
				CLANG_CXX_LANGUAGE_STANDARD = "gnu++0x";
				CLANG_CXX_LIBRARY = "libc++";
				CLANG_ENABLE_MODULES = YES;
				CLANG_ENABLE_OBJC_ARC = YES;
				CLANG_WARN_BOOL_CONVERSION = YES;
				CLANG_WARN_CONSTANT_CONVERSION = YES;
				CLANG_WARN_DIRECT_OBJC_ISA_USAGE = YES_ERROR;
				CLANG_WARN_DOCUMENTATION_COMMENTS = YES;
				CLANG_WARN_EMPTY_BODY = YES;
				CLANG_WARN_ENUM_CONVERSION = YES;
				CLANG_WARN_INFINITE_RECURSION = YES;
				CLANG_WARN_INT_CONVERSION = YES;
				CLANG_WARN_OBJC_ROOT_CLASS = YES_ERROR;
				CLANG_WARN_SUSPICIOUS_MOVE = YES;
				CLANG_WARN_UNREACHABLE_CODE = YES;
				CLANG_WARN__DUPLICATE_METHOD_MATCH = YES;
				"CODE_SIGN_IDENTITY[sdk=iphoneos*]" = "iPhone Developer";
				COPY_PHASE_STRIP = NO;
				DEBUG_INFORMATION_FORMAT = "dwarf-with-dsym";
				ENABLE_NS_ASSERTIONS = NO;
				ENABLE_STRICT_OBJC_MSGSEND = YES;
				GCC_C_LANGUAGE_STANDARD = gnu99;
				GCC_NO_COMMON_BLOCKS = YES;
				GCC_WARN_64_TO_32_BIT_CONVERSION = YES;
				GCC_WARN_ABOUT_RETURN_TYPE = YES_ERROR;
				GCC_WARN_UNDECLARED_SELECTOR = YES;
				GCC_WARN_UNINITIALIZED_AUTOS = YES_AGGRESSIVE;
				GCC_WARN_UNUSED_FUNCTION = YES;
				GCC_WARN_UNUSED_VARIABLE = YES;
				IPHONEOS_DEPLOYMENT_TARGET = 10.3;
				MTL_ENABLE_DEBUG_INFO = NO;
				SDKROOT = iphoneos;
				SWIFT_OPTIMIZATION_LEVEL = "-Owholemodule";
				TARGETED_DEVICE_FAMILY = "1,2";
				VALIDATE_PRODUCT = YES;
			};
			name = Release;
		};
		1D1B4DC71F08B458006CDA3A /* Debug */ = {
			isa = XCBuildConfiguration;
			buildSettings = {
				ASSETCATALOG_COMPILER_APPICON_NAME = AppIcon;
				INFOPLIST_FILE = sodingTest/Info.plist;
				LD_RUNPATH_SEARCH_PATHS = "$(inherited) @executable_path/Frameworks";
				PRODUCT_BUNDLE_IDENTIFIER = kittipol.sodingTest;
				PRODUCT_NAME = "$(TARGET_NAME)";
				SWIFT_VERSION = 3.0;
			};
			name = Debug;
		};
		1D1B4DC81F08B458006CDA3A /* Release */ = {
			isa = XCBuildConfiguration;
			buildSettings = {
				ASSETCATALOG_COMPILER_APPICON_NAME = AppIcon;
				INFOPLIST_FILE = sodingTest/Info.plist;
				LD_RUNPATH_SEARCH_PATHS = "$(inherited) @executable_path/Frameworks";
				PRODUCT_BUNDLE_IDENTIFIER = kittipol.sodingTest;
				PRODUCT_NAME = "$(TARGET_NAME)";
				SWIFT_VERSION = 3.0;
			};
			name = Release;
		};
		1D1B4DCA1F08B458006CDA3A /* Debug */ = {
			isa = XCBuildConfiguration;
			buildSettings = {
				ALWAYS_EMBED_SWIFT_STANDARD_LIBRARIES = YES;
				BUNDLE_LOADER = "$(TEST_HOST)";
				INFOPLIST_FILE = sodingTestTests/Info.plist;
				LD_RUNPATH_SEARCH_PATHS = "$(inherited) @executable_path/Frameworks @loader_path/Frameworks";
				PRODUCT_BUNDLE_IDENTIFIER = kittipol.sodingTestTests;
				PRODUCT_NAME = "$(TARGET_NAME)";
				SWIFT_VERSION = 3.0;
				TEST_HOST = "$(BUILT_PRODUCTS_DIR)/sodingTest.app/sodingTest";
			};
			name = Debug;
		};
		1D1B4DCB1F08B458006CDA3A /* Release */ = {
			isa = XCBuildConfiguration;
			buildSettings = {
				ALWAYS_EMBED_SWIFT_STANDARD_LIBRARIES = YES;
				BUNDLE_LOADER = "$(TEST_HOST)";
				INFOPLIST_FILE = sodingTestTests/Info.plist;
				LD_RUNPATH_SEARCH_PATHS = "$(inherited) @executable_path/Frameworks @loader_path/Frameworks";
				PRODUCT_BUNDLE_IDENTIFIER = kittipol.sodingTestTests;
				PRODUCT_NAME = "$(TARGET_NAME)";
				SWIFT_VERSION = 3.0;
				TEST_HOST = "$(BUILT_PRODUCTS_DIR)/sodingTest.app/sodingTest";
			};
			name = Release;
		};
		1D1B4DCD1F08B458006CDA3A /* Debug */ = {
			isa = XCBuildConfiguration;
			buildSettings = {
				ALWAYS_EMBED_SWIFT_STANDARD_LIBRARIES = YES;
				INFOPLIST_FILE = sodingTestUITests/Info.plist;
				LD_RUNPATH_SEARCH_PATHS = "$(inherited) @executable_path/Frameworks @loader_path/Frameworks";
				PRODUCT_BUNDLE_IDENTIFIER = kittipol.sodingTestUITests;
				PRODUCT_NAME = "$(TARGET_NAME)";
				SWIFT_VERSION = 3.0;
				TEST_TARGET_NAME = sodingTest;
			};
			name = Debug;
		};
		1D1B4DCE1F08B458006CDA3A /* Release */ = {
			isa = XCBuildConfiguration;
			buildSettings = {
				ALWAYS_EMBED_SWIFT_STANDARD_LIBRARIES = YES;
				INFOPLIST_FILE = sodingTestUITests/Info.plist;
				LD_RUNPATH_SEARCH_PATHS = "$(inherited) @executable_path/Frameworks @loader_path/Frameworks";
				PRODUCT_BUNDLE_IDENTIFIER = kittipol.sodingTestUITests;
				PRODUCT_NAME = "$(TARGET_NAME)";
				SWIFT_VERSION = 3.0;
				TEST_TARGET_NAME = sodingTest;
			};
			name = Release;
		};
/* End XCBuildConfiguration section */

/* Begin XCConfigurationList section */
		1D1B4D961F08B457006CDA3A /* Build configuration list for PBXProject "sodingTest" */ = {
			isa = XCConfigurationList;
			buildConfigurations = (
				1D1B4DC41F08B458006CDA3A /* Debug */,
				1D1B4DC51F08B458006CDA3A /* Release */,
			);
			defaultConfigurationIsVisible = 0;
			defaultConfigurationName = Release;
		};
		1D1B4DC61F08B458006CDA3A /* Build configuration list for PBXNativeTarget "sodingTest" */ = {
			isa = XCConfigurationList;
			buildConfigurations = (
				1D1B4DC71F08B458006CDA3A /* Debug */,
				1D1B4DC81F08B458006CDA3A /* Release */,
			);
			defaultConfigurationIsVisible = 0;
		};
		1D1B4DC91F08B458006CDA3A /* Build configuration list for PBXNativeTarget "sodingTestTests" */ = {
			isa = XCConfigurationList;
			buildConfigurations = (
				1D1B4DCA1F08B458006CDA3A /* Debug */,
				1D1B4DCB1F08B458006CDA3A /* Release */,
			);
			defaultConfigurationIsVisible = 0;
		};
		1D1B4DCC1F08B458006CDA3A /* Build configuration list for PBXNativeTarget "sodingTestUITests" */ = {
			isa = XCConfigurationList;
			buildConfigurations = (
				1D1B4DCD1F08B458006CDA3A /* Debug */,
				1D1B4DCE1F08B458006CDA3A /* Release */,
			);
			defaultConfigurationIsVisible = 0;
		};
/* End XCConfigurationList section */

/* Begin XCVersionGroup section */
		1D1B4DA51F08B457006CDA3A /* sodingTest.xcdatamodeld */ = {
			isa = XCVersionGroup;
			children = (
				1D1B4DA61F08B457006CDA3A /* sodingTest.xcdatamodel */,
			);
			currentVersion = 1D1B4DA61F08B457006CDA3A /* sodingTest.xcdatamodel */;
			path = sodingTest.xcdatamodeld;
			sourceTree = "<group>";
			versionGroupType = wrapper.xcdatamodel;
		};
/* End XCVersionGroup section */
	};
	rootObject = 1D1B4D931F08B457006CDA3A /* Project object */;
}
